
Microsoft Visual Studio Solution File, Format Version 12.00
# Visual Studio 14
VisualStudioVersion = 14.0.23107.0
MinimumVisualStudioVersion = 10.0.40219.1
Project("{FAE04EC0-301F-11D3-BF4B-00C04F79EFBC}") = "07.QuotesInStrings", "07.QuotesInStrings\07.QuotesInStrings.csproj", "{592DF015-0638-41D5-A092-6F6C76C56F1D}"
EndProject
Global
	GlobalSection(SolutionConfigurationPlatforms) = preSolution
		Debug|Any CPU = Debug|Any CPU
		Release|Any CPU = Release|Any CPU
	EndGlobalSection
	GlobalSection(ProjectConfigurationPlatforms) = postSolution
		{592DF015-0638-41D5-A092-6F6C76C56F1D}.Debug|Any CPU.ActiveCfg = Debug|Any CPU
		{592DF015-0638-41D5-A092-6F6C76C56F1D}.Debug|Any CPU.Build.0 = Debug|Any CPU
		{592DF015-0638-41D5-A092-6F6C76C56F1D}.Release|Any CPU.ActiveCfg = Release|Any CPU
		{592DF015-0638-41D5-A092-6F6C76C56F1D}.Release|Any CPU.Build.0 = Release|Any CPU
	EndGlobalSection
	GlobalSection(SolutionProperties) = preSolution
		HideSolutionNode = FALSE
	EndGlobalSection
EndGlobal
